
Microsoft Visual Studio Solution File, Format Version 12.00
# Visual Studio Version 17
VisualStudioVersion = 17.0.31903.59
MinimumVisualStudioVersion = 10.0.40219.1
Project("{2150E333-8FDC-42A3-9474-1A3956D46DE8}") = "src", "src", "{827E0CD3-B72D-47B6-A68D-7590B98EB39B}"
EndProject
Project("{FAE04EC0-301F-11D3-BF4B-00C04F79EFBC}") = "StackFlow.Domain", "src\StackFlow.Domain\StackFlow.Domain.csproj", "{138B4C2A-EDDB-4680-BFDE-F2757A40FA89}"
EndProject
Project("{FAE04EC0-301F-11D3-BF4B-00C04F79EFBC}") = "StackFlow.Application", "src\StackFlow.Application\StackFlow.Application.csproj", "{DB4820F9-95D2-4870-9482-699A77484434}"
EndProject
Project("{FAE04EC0-301F-11D3-BF4B-00C04F79EFBC}") = "StackFlow.Infrastructure", "src\StackFlow.Infrastructure\StackFlow.Infrastructure.csproj", "{18FFCF4B-A352-4D36-87E7-F61242C0B67A}"
EndProject
Project("{FAE04EC0-301F-11D3-BF4B-00C04F79EFBC}") = "StackFlow.Api", "src\StackFlow.Api\StackFlow.Api.csproj", "{7AA967EA-A23B-4223-A272-91B04F98034E}"
EndProject
Project("{2150E333-8FDC-42A3-9474-1A3956D46DE8}") = "tests", "tests", "{0AB3BF05-4346-4AA6-1389-037BE0695223}"
EndProject
Project("{FAE04EC0-301F-11D3-BF4B-00C04F79EFBC}") = "StackFlow.UnitTests", "tests\StackFlow.UnitTests\StackFlow.UnitTests.csproj", "{6388FB29-0838-46D4-8586-42C56FCD83DA}"
EndProject
Project("{FAE04EC0-301F-11D3-BF4B-00C04F79EFBC}") = "StackFlow.IntegrationTests", "tests\StackFlow.IntegrationTests\StackFlow.IntegrationTests.csproj", "{C68B1AEF-F315-40AA-8D47-22A4065060AD}"
EndProject
Global
	GlobalSection(SolutionConfigurationPlatforms) = preSolution
		Debug|Any CPU = Debug|Any CPU
		Debug|x64 = Debug|x64
		Debug|x86 = Debug|x86
		Release|Any CPU = Release|Any CPU
		Release|x64 = Release|x64
		Release|x86 = Release|x86
	EndGlobalSection
	GlobalSection(ProjectConfigurationPlatforms) = postSolution
		{138B4C2A-EDDB-4680-BFDE-F2757A40FA89}.Debug|Any CPU.ActiveCfg = Debug|Any CPU
		{138B4C2A-EDDB-4680-BFDE-F2757A40FA89}.Debug|Any CPU.Build.0 = Debug|Any CPU
		{138B4C2A-EDDB-4680-BFDE-F2757A40FA89}.Debug|x64.ActiveCfg = Debug|Any CPU
		{138B4C2A-EDDB-4680-BFDE-F2757A40FA89}.Debug|x64.Build.0 = Debug|Any CPU
		{138B4C2A-EDDB-4680-BFDE-F2757A40FA89}.Debug|x86.ActiveCfg = Debug|Any CPU
		{138B4C2A-EDDB-4680-BFDE-F2757A40FA89}.Debug|x86.Build.0 = Debug|Any CPU
		{138B4C2A-EDDB-4680-BFDE-F2757A40FA89}.Release|Any CPU.ActiveCfg = Release|Any CPU
		{138B4C2A-EDDB-4680-BFDE-F2757A40FA89}.Release|Any CPU.Build.0 = Release|Any CPU
		{138B4C2A-EDDB-4680-BFDE-F2757A40FA89}.Release|x64.ActiveCfg = Release|Any CPU
		{138B4C2A-EDDB-4680-BFDE-F2757A40FA89}.Release|x64.Build.0 = Release|Any CPU
		{138B4C2A-EDDB-4680-BFDE-F2757A40FA89}.Release|x86.ActiveCfg = Release|Any CPU
		{138B4C2A-EDDB-4680-BFDE-F2757A40FA89}.Release|x86.Build.0 = Release|Any CPU
		{DB4820F9-95D2-4870-9482-699A77484434}.Debug|Any CPU.ActiveCfg = Debug|Any CPU
		{DB4820F9-95D2-4870-9482-699A77484434}.Debug|Any CPU.Build.0 = Debug|Any CPU
		{DB4820F9-95D2-4870-9482-699A77484434}.Debug|x64.ActiveCfg = Debug|Any CPU
		{DB4820F9-95D2-4870-9482-699A77484434}.Debug|x64.Build.0 = Debug|Any CPU
		{DB4820F9-95D2-4870-9482-699A77484434}.Debug|x86.ActiveCfg = Debug|Any CPU
		{DB4820F9-95D2-4870-9482-699A77484434}.Debug|x86.Build.0 = Debug|Any CPU
		{DB4820F9-95D2-4870-9482-699A77484434}.Release|Any CPU.ActiveCfg = Release|Any CPU
		{DB4820F9-95D2-4870-9482-699A77484434}.Release|Any CPU.Build.0 = Release|Any CPU
		{DB4820F9-95D2-4870-9482-699A77484434}.Release|x64.ActiveCfg = Release|Any CPU
		{DB4820F9-95D2-4870-9482-699A77484434}.Release|x64.Build.0 = Release|Any CPU
		{DB4820F9-95D2-4870-9482-699A77484434}.Release|x86.ActiveCfg = Release|Any CPU
		{DB4820F9-95D2-4870-9482-699A77484434}.Release|x86.Build.0 = Release|Any CPU
		{18FFCF4B-A352-4D36-87E7-F61242C0B67A}.Debug|Any CPU.ActiveCfg = Debug|Any CPU
		{18FFCF4B-A352-4D36-87E7-F61242C0B67A}.Debug|Any CPU.Build.0 = Debug|Any CPU
		{18FFCF4B-A352-4D36-87E7-F61242C0B67A}.Debug|x64.ActiveCfg = Debug|Any CPU
		{18FFCF4B-A352-4D36-87E7-F61242C0B67A}.Debug|x64.Build.0 = Debug|Any CPU
		{18FFCF4B-A352-4D36-87E7-F61242C0B67A}.Debug|x86.ActiveCfg = Debug|Any CPU
		{18FFCF4B-A352-4D36-87E7-F61242C0B67A}.Debug|x86.Build.0 = Debug|Any CPU
		{18FFCF4B-A352-4D36-87E7-F61242C0B67A}.Release|Any CPU.ActiveCfg = Release|Any CPU
		{18FFCF4B-A352-4D36-87E7-F61242C0B67A}.Release|Any CPU.Build.0 = Release|Any CPU
		{18FFCF4B-A352-4D36-87E7-F61242C0B67A}.Release|x64.ActiveCfg = Release|Any CPU
		{18FFCF4B-A352-4D36-87E7-F61242C0B67A}.Release|x64.Build.0 = Release|Any CPU
		{18FFCF4B-A352-4D36-87E7-F61242C0B67A}.Release|x86.ActiveCfg = Release|Any CPU
		{18FFCF4B-A352-4D36-87E7-F61242C0B67A}.Release|x86.Build.0 = Release|Any CPU
		{7AA967EA-A23B-4223-A272-91B04F98034E}.Debug|Any CPU.ActiveCfg = Debug|Any CPU
		{7AA967EA-A23B-4223-A272-91B04F98034E}.Debug|Any CPU.Build.0 = Debug|Any CPU
		{7AA967EA-A23B-4223-A272-91B04F98034E}.Debug|x64.ActiveCfg = Debug|Any CPU
		{7AA967EA-A23B-4223-A272-91B04F98034E}.Debug|x64.Build.0 = Debug|Any CPU
		{7AA967EA-A23B-4223-A272-91B04F98034E}.Debug|x86.ActiveCfg = Debug|Any CPU
		{7AA967EA-A23B-4223-A272-91B04F98034E}.Debug|x86.Build.0 = Debug|Any CPU
		{7AA967EA-A23B-4223-A272-91B04F98034E}.Release|Any CPU.ActiveCfg = Release|Any CPU
		{7AA967EA-A23B-4223-A272-91B04F98034E}.Release|Any CPU.Build.0 = Release|Any CPU
		{7AA967EA-A23B-4223-A272-91B04F98034E}.Release|x64.ActiveCfg = Release|Any CPU
		{7AA967EA-A23B-4223-A272-91B04F98034E}.Release|x64.Build.0 = Release|Any CPU
		{7AA967EA-A23B-4223-A272-91B04F98034E}.Release|x86.ActiveCfg = Release|Any CPU
		{7AA967EA-A23B-4223-A272-91B04F98034E}.Release|x86.Build.0 = Release|Any CPU
		{6388FB29-0838-46D4-8586-42C56FCD83DA}.Debug|Any CPU.ActiveCfg = Debug|Any CPU
		{6388FB29-0838-46D4-8586-42C56FCD83DA}.Debug|Any CPU.Build.0 = Debug|Any CPU
		{6388FB29-0838-46D4-8586-42C56FCD83DA}.Debug|x64.ActiveCfg = Debug|Any CPU
		{6388FB29-0838-46D4-8586-42C56FCD83DA}.Debug|x64.Build.0 = Debug|Any CPU
		{6388FB29-0838-46D4-8586-42C56FCD83DA}.Debug|x86.ActiveCfg = Debug|Any CPU
		{6388FB29-0838-46D4-8586-42C56FCD83DA}.Debug|x86.Build.0 = Debug|Any CPU
		{6388FB29-0838-46D4-8586-42C56FCD83DA}.Release|Any CPU.ActiveCfg = Release|Any CPU
		{6388FB29-0838-46D4-8586-42C56FCD83DA}.Release|Any CPU.Build.0 = Release|Any CPU
		{6388FB29-0838-46D4-8586-42C56FCD83DA}.Release|x64.ActiveCfg = Release|Any CPU
		{6388FB29-0838-46D4-8586-42C56FCD83DA}.Release|x64.Build.0 = Release|Any CPU
		{6388FB29-0838-46D4-8586-42C56FCD83DA}.Release|x86.ActiveCfg = Release|Any CPU
		{6388FB29-0838-46D4-8586-42C56FCD83DA}.Release|x86.Build.0 = Release|Any CPU
		{C68B1AEF-F315-40AA-8D47-22A4065060AD}.Debug|Any CPU.ActiveCfg = Debug|Any CPU
		{C68B1AEF-F315-40AA-8D47-22A4065060AD}.Debug|Any CPU.Build.0 = Debug|Any CPU
		{C68B1AEF-F315-40AA-8D47-22A4065060AD}.Debug|x64.ActiveCfg = Debug|Any CPU
		{C68B1AEF-F315-40AA-8D47-22A4065060AD}.Debug|x64.Build.0 = Debug|Any CPU
		{C68B1AEF-F315-40AA-8D47-22A4065060AD}.Debug|x86.ActiveCfg = Debug|Any CPU
		{C68B1AEF-F315-40AA-8D47-22A4065060AD}.Debug|x86.Build.0 = Debug|Any CPU
		{C68B1AEF-F315-40AA-8D47-22A4065060AD}.Release|Any CPU.ActiveCfg = Release|Any CPU
		{C68B1AEF-F315-40AA-8D47-22A4065060AD}.Release|Any CPU.Build.0 = Release|Any CPU
		{C68B1AEF-F315-40AA-8D47-22A4065060AD}.Release|x64.ActiveCfg = Release|Any CPU
		{C68B1AEF-F315-40AA-8D47-22A4065060AD}.Release|x64.Build.0 = Release|Any CPU
		{C68B1AEF-F315-40AA-8D47-22A4065060AD}.Release|x86.ActiveCfg = Release|Any CPU
		{C68B1AEF-F315-40AA-8D47-22A4065060AD}.Release|x86.Build.0 = Release|Any CPU
	EndGlobalSection
	GlobalSection(SolutionProperties) = preSolution
		HideSolutionNode = FALSE
	EndGlobalSection
	GlobalSection(NestedProjects) = preSolution
		{138B4C2A-EDDB-4680-BFDE-F2757A40FA89} = {827E0CD3-B72D-47B6-A68D-7590B98EB39B}
		{DB4820F9-95D2-4870-9482-699A77484434} = {827E0CD3-B72D-47B6-A68D-7590B98EB39B}
		{18FFCF4B-A352-4D36-87E7-F61242C0B67A} = {827E0CD3-B72D-47B6-A68D-7590B98EB39B}
		{7AA967EA-A23B-4223-A272-91B04F98034E} = {827E0CD3-B72D-47B6-A68D-7590B98EB39B}
		{6388FB29-0838-46D4-8586-42C56FCD83DA} = {0AB3BF05-4346-4AA6-1389-037BE0695223}
		{C68B1AEF-F315-40AA-8D47-22A4065060AD} = {0AB3BF05-4346-4AA6-1389-037BE0695223}
	EndGlobalSection
EndGlobal
